<?xml version="1.0" encoding="utf-8"?>
<Project ToolsVersion="4.0" xmlns="http://schemas.microsoft.com/developer/msbuild/2003">
  <ItemGroup>
    <Filter Include="00.main">
      <UniqueIdentifier>{2768ec7b-0214-4b42-8e34-89d3172cb7fe}</UniqueIdentifier>
    </Filter>
    <Filter Include="01.CPractice">
      <UniqueIdentifier>{8c8b1fb3-c593-484c-ab7b-10a82708f3e9}</UniqueIdentifier>
    </Filter>
    <Filter Include="97.DesignPattern">
      <UniqueIdentifier>{2f0a5642-3c53-41b0-8a4d-f1680be32d89}</UniqueIdentifier>
    </Filter>
    <Filter Include="98.Headers">
      <UniqueIdentifier>{34ea5984-edfc-4a41-8daa-6d15f9150fb8}</UniqueIdentifier>
    </Filter>
    <Filter Include="99.Default">
      <UniqueIdentifier>{b1008a3d-abf3-4640-99b3-7f0fc2a4beac}</UniqueIdentifier>
    </Filter>
    <Filter Include="99.Default\리소스 파일">
      <UniqueIdentifier>{67DA6AB6-F800-4c08-8B7A-83BB121AAD01}</UniqueIdentifier>
      <Extensions>rc;ico;cur;bmp;dlg;rc2;rct;bin;rgs;gif;jpg;jpeg;jpe;resx;tiff;tif;png;wav;mfcribbon-ms</Extensions>
    </Filter>
    <Filter Include="99.Default\소스 파일">
      <UniqueIdentifier>{4FC737F1-C7A5-4376-A066-2A32D752A2FF}</UniqueIdentifier>
      <Extensions>cpp;c;cc;cxx;c++;cppm;ixx;def;odl;idl;hpj;bat;asm;asmx</Extensions>
    </Filter>
    <Filter Include="99.Default\헤더 파일">
      <UniqueIdentifier>{93995380-89BD-4b04-88EB-625FBE52EBFB}</UniqueIdentifier>
      <Extensions>h;hh;hpp;hxx;h++;hm;inl;inc;ipp;xsd</Extensions>
    </Filter>
    <Filter Include="02.Implement">
      <UniqueIdentifier>{3c5c0b3b-03e7-4935-98b2-5ac42092e190}</UniqueIdentifier>
    </Filter>
    <Filter Include="02.Implement\00.RansomwareTracer">
      <UniqueIdentifier>{e3d01967-b54f-464d-af28-c93e144950c2}</UniqueIdentifier>
    </Filter>
    <Filter Include="01.CPractice\00.CPractice_1">
      <UniqueIdentifier>{d07f2cf2-5ecf-4280-8a1e-a20676e45e1c}</UniqueIdentifier>
    </Filter>
    <Filter Include="03.DataStructure">
      <UniqueIdentifier>{7f288f95-3045-48bb-b6cc-5b51f731793a}</UniqueIdentifier>
    </Filter>
    <Filter Include="03.DataStructure\00.CHashMap">
      <UniqueIdentifier>{c250680f-b28c-410b-9d55-840430ea0c54}</UniqueIdentifier>
    </Filter>
  </ItemGroup>
  <ItemGroup>
    <ClCompile Include="CPractice.cpp">
      <Filter>01.CPractice</Filter>
    </ClCompile>
    <ClCompile Include="main.cpp">
      <Filter>00.main</Filter>
    </ClCompile>
    <ClCompile Include="RansomwareTracer.cpp">
      <Filter>02.Implement\00.RansomwareTracer</Filter>
    </ClCompile>
    <ClCompile Include="CPracticeMgr.cpp">
      <Filter>97.DesignPattern</Filter>
    </ClCompile>
    <ClCompile Include="CPractice_1.cpp">
      <Filter>01.CPractice\00.CPractice_1</Filter>
    </ClCompile>
    <ClCompile Include="CHashMap.cpp">
      <Filter>03.DataStructure\00.CHashMap</Filter>
    </ClCompile>
    <ClCompile Include="CLogger.cpp">
      <Filter>98.Headers</Filter>
    </ClCompile>
    <ClCompile Include="WinMain.cpp">
      <Filter>00.main</Filter>
    </ClCompile>
    <ClCompile Include="MFCMain.cpp">
      <Filter>00.main</Filter>
    </ClCompile>
    <ClCompile Include="MSSQLMgr.cpp">
      <Filter>98.Headers</Filter>
    </ClCompile>
  </ItemGroup>
  <ItemGroup>
    <ClInclude Include="CPractice.h">
      <Filter>01.CPractice</Filter>
    </ClInclude>
    <ClInclude Include="RansomwareTracer.h">
      <Filter>02.Implement\00.RansomwareTracer</Filter>
    </ClInclude>
    <ClInclude Include="CIO.h">
      <Filter>98.Headers</Filter>
    </ClInclude>
    <ClInclude Include="Headers.h">
      <Filter>98.Headers</Filter>
    </ClInclude>
    <ClInclude Include="Enum.h">
      <Filter>98.Headers</Filter>
    </ClInclude>
    <ClInclude Include="CPracticeMgr.h">
      <Filter>97.DesignPattern</Filter>
    </ClInclude>
    <ClInclude Include="CPractice_1.h">
      <Filter>01.CPractice\00.CPractice_1</Filter>
    </ClInclude>
    <ClInclude Include="CHashMap.h">
      <Filter>03.DataStructure\00.CHashMap</Filter>
    </ClInclude>
    <ClInclude Include="DEFAULT_MGR.h">
      <Filter>97.DesignPattern</Filter>
    </ClInclude>
    <ClInclude Include="CFileMgr.h">
      <Filter>98.Headers</Filter>
    </ClInclude>
    <ClInclude Include="CINIMgr.h">
      <Filter>98.Headers</Filter>
    </ClInclude>
    <ClInclude Include="StringBuilder.h">
      <Filter>98.Headers</Filter>
    </ClInclude>
    <ClInclude Include="StringEditor.h">
      <Filter>98.Headers</Filter>
    </ClInclude>
    <ClInclude Include="CLogger.h">
      <Filter>98.Headers</Filter>
    </ClInclude>
    <ClInclude Include="MFCMain.h">
      <Filter>00.main</Filter>
    </ClInclude>
    <ClInclude Include="MSSQLMgr.h">
      <Filter>98.Headers</Filter>
    </ClInclude>
  </ItemGroup>
  <ItemGroup>
    <Text Include="신입사원 OJT.txt" />
    <Text Include="서버접근제어.txt" />
    <Text Include="AD동기화 프로그램 인터뷰.txt" />
    <Text Include="240411_MES 회의_선행품질팀_신미례 대리님.txt" />
    <Text Include="240411_MES 회의_자재팀_기연원 과장님 김정식 대리님.txt" />
    <Text Include="240411_MES 회의_자재팀_기연원 과장님 김정식 대리님2.txt" />
    <Text Include="240415_MES회의_용기팀_윤주희 대리님.txt" />
    <Text Include="240415_MES회의_생산관리팀-계획파트_엄요한 과장님.txt" />
    <Text Include="240416_MES 회의_후가공팀_txt.txt" />
    <Text Include="240417_MES 회의_펌프팀_서선경 주임님.txt" />
    <Text Include="240418_MES 회의_튜브팀_김수빈 과장님 양희진 사원님.txt" />
    <Text Include="240419_MES 회의_품질보증팀_박응준 과장님.txt" />
    <Text Include="240424_MES 회의_사출팀_김형권 과장님.txt" />
    <Text Include="240424_MES 회의_튜브팀_김수빈 대리님.txt" />
    <Text Include="240425_MES 회의_생산관리팀-계획파트_엄요한 과장님.txt" />
    <Text Include="240425_MES 회의_용기팀_윤주희 대리님.txt" />
    <Text Include="240418_MES 회의_금속팀_이대호 대리님.txt" />
    <Text Include="240426_MES 회의_금속팀_이대호 대리님.txt" />
    <Text Include="240429_MES 회의_펌프팀_서선경 주임님.txt" />
    <Text Include="240430_MES 회의_후가공팀_허지혜 대리님.txt" />
    <Text Include="240502_MES 회의_튜브팀_김수빈 과장님.txt" />
    <Text Include="240507_MES 중간점검 보고 준비_강주성 팀장님.txt" />
    <Text Include="240508_튜브팀 MES 업무흐름 재정리.txt" />
    <Text Include="240509_MES 중간보고.txt" />
    <Text Include="AD 프로그램 기능명세.txt" />
    <Text Include="입고검사_yw 조회 로직.txt" />
    <Text Include="240513_MES회의_자재팀_기연원 과장님 김정식 대리님.txt" />
    <Text Include="240513_MES회의_용기팀_윤주희 대리님.txt" />
    <Text Include="240514_MES 회의_영림원_김동준 차장님, 신희범 컨설턴트님.txt" />
    <Text Include="240514_MES 회의_생산계획파트_엄요한 과장님.txt" />
    <Text Include="240516_MES 회의_사출팀_김형권 과장님.txt" />
    <Text Include="240520_MES 회의_후가공팀_허지혜 대리님.txt" />
  </ItemGroup>
</Project>